
Microsoft Visual Studio Solution File, Format Version 12.00
# Visual Studio 15
VisualStudioVersion = 15.0.28307.438
MinimumVisualStudioVersion = 10.0.40219.1
Project("{FAE04EC0-301F-11D3-BF4B-00C04F79EFBC}") = "19xBedAndBreakfast", "19xBedAndBreakfast\19xBedAndBreakfast.csproj", "{E03DA7BE-DE91-4958-ADBC-51610F071B4F}"
EndProject
Project("{FAE04EC0-301F-11D3-BF4B-00C04F79EFBC}") = "BBGui", "BBGui\BBGui.csproj", "{6E8CC04A-06A1-4B23-B506-E142A4E30DA9}"
EndProject
Project("{FAE04EC0-301F-11D3-BF4B-00C04F79EFBC}") = "BBGuiForm", "BBGuiForm\BBGuiForm.csproj", "{AD87E492-72E8-4BEF-8389-C822114863B1}"
EndProject
Project("{FAE04EC0-301F-11D3-BF4B-00C04F79EFBC}") = "BBDataGridViewFom", "BBDataGridViewFom\BBDataGridViewFom.csproj", "{20FEAD75-9B4E-4CA2-B019-585680251FE7}"
EndProject
Project("{FAE04EC0-301F-11D3-BF4B-00C04F79EFBC}") = "BBListViewGUI", "BBListViewGUI\BBListViewGUI.csproj", "{1A161FB6-C671-43B5-99BC-615BF5805965}"
EndProject
Project("{FAE04EC0-301F-11D3-BF4B-00C04F79EFBC}") = "Adapter", "Adapter\Adapter.csproj", "{B0BFD785-2167-4587-9FE5-6E40091B1278}"
EndProject
Project("{FAE04EC0-301F-11D3-BF4B-00C04F79EFBC}") = "WindowsFormsApp1", "WindowsFormsApp1\WindowsFormsApp1.csproj", "{2E95DF0A-D90E-45E0-B453-D9B9E4E9DAFD}"
EndProject
Project("{FAE04EC0-301F-11D3-BF4B-00C04F79EFBC}") = "WindowsFormsDG", "WindowsFormsDG\WindowsFormsDG.csproj", "{A816CDC9-9DF5-4573-A9D3-099BE9B6329B}"
EndProject
Project("{FAE04EC0-301F-11D3-BF4B-00C04F79EFBC}") = "WindowsFormsApp2Datagridview", "WindowsFormsApp2Datagridview\WindowsFormsApp2Datagridview.csproj", "{BD9CB5C2-A307-4665-8F01-56903A579E4F}"
EndProject
Project("{FAE04EC0-301F-11D3-BF4B-00C04F79EFBC}") = "WindowsFormsApp2ghgfddds", "WindowsFormsApp2ghgfddds\WindowsFormsApp2ghgfddds.csproj", "{3B9AB1FE-72D1-4C7A-A35D-E93B2C323707}"
EndProject
Project("{FAE04EC0-301F-11D3-BF4B-00C04F79EFBC}") = "BBConsoleUI", "BBConsoleUI\BBConsoleUI.csproj", "{23C99DB0-2550-46F0-8C30-3585F9C2EB4F}"
EndProject
Global
	GlobalSection(SolutionConfigurationPlatforms) = preSolution
		Debug|Any CPU = Debug|Any CPU
		Release|Any CPU = Release|Any CPU
	EndGlobalSection
	GlobalSection(ProjectConfigurationPlatforms) = postSolution
		{E03DA7BE-DE91-4958-ADBC-51610F071B4F}.Debug|Any CPU.ActiveCfg = Debug|Any CPU
		{E03DA7BE-DE91-4958-ADBC-51610F071B4F}.Debug|Any CPU.Build.0 = Debug|Any CPU
		{E03DA7BE-DE91-4958-ADBC-51610F071B4F}.Release|Any CPU.ActiveCfg = Release|Any CPU
		{E03DA7BE-DE91-4958-ADBC-51610F071B4F}.Release|Any CPU.Build.0 = Release|Any CPU
		{6E8CC04A-06A1-4B23-B506-E142A4E30DA9}.Debug|Any CPU.ActiveCfg = Debug|Any CPU
		{6E8CC04A-06A1-4B23-B506-E142A4E30DA9}.Debug|Any CPU.Build.0 = Debug|Any CPU
		{6E8CC04A-06A1-4B23-B506-E142A4E30DA9}.Release|Any CPU.ActiveCfg = Release|Any CPU
		{6E8CC04A-06A1-4B23-B506-E142A4E30DA9}.Release|Any CPU.Build.0 = Release|Any CPU
		{AD87E492-72E8-4BEF-8389-C822114863B1}.Debug|Any CPU.ActiveCfg = Debug|Any CPU
		{AD87E492-72E8-4BEF-8389-C822114863B1}.Debug|Any CPU.Build.0 = Debug|Any CPU
		{AD87E492-72E8-4BEF-8389-C822114863B1}.Release|Any CPU.ActiveCfg = Release|Any CPU
		{AD87E492-72E8-4BEF-8389-C822114863B1}.Release|Any CPU.Build.0 = Release|Any CPU
		{20FEAD75-9B4E-4CA2-B019-585680251FE7}.Debug|Any CPU.ActiveCfg = Debug|Any CPU
		{20FEAD75-9B4E-4CA2-B019-585680251FE7}.Debug|Any CPU.Build.0 = Debug|Any CPU
		{20FEAD75-9B4E-4CA2-B019-585680251FE7}.Release|Any CPU.ActiveCfg = Release|Any CPU
		{20FEAD75-9B4E-4CA2-B019-585680251FE7}.Release|Any CPU.Build.0 = Release|Any CPU
		{1A161FB6-C671-43B5-99BC-615BF5805965}.Debug|Any CPU.ActiveCfg = Debug|Any CPU
		{1A161FB6-C671-43B5-99BC-615BF5805965}.Debug|Any CPU.Build.0 = Debug|Any CPU
		{1A161FB6-C671-43B5-99BC-615BF5805965}.Release|Any CPU.ActiveCfg = Release|Any CPU
		{1A161FB6-C671-43B5-99BC-615BF5805965}.Release|Any CPU.Build.0 = Release|Any CPU
		{B0BFD785-2167-4587-9FE5-6E40091B1278}.Debug|Any CPU.ActiveCfg = Debug|Any CPU
		{B0BFD785-2167-4587-9FE5-6E40091B1278}.Debug|Any CPU.Build.0 = Debug|Any CPU
		{B0BFD785-2167-4587-9FE5-6E40091B1278}.Release|Any CPU.ActiveCfg = Release|Any CPU
		{B0BFD785-2167-4587-9FE5-6E40091B1278}.Release|Any CPU.Build.0 = Release|Any CPU
		{2E95DF0A-D90E-45E0-B453-D9B9E4E9DAFD}.Debug|Any CPU.ActiveCfg = Debug|Any CPU
		{2E95DF0A-D90E-45E0-B453-D9B9E4E9DAFD}.Debug|Any CPU.Build.0 = Debug|Any CPU
		{2E95DF0A-D90E-45E0-B453-D9B9E4E9DAFD}.Release|Any CPU.ActiveCfg = Release|Any CPU
		{2E95DF0A-D90E-45E0-B453-D9B9E4E9DAFD}.Release|Any CPU.Build.0 = Release|Any CPU
		{A816CDC9-9DF5-4573-A9D3-099BE9B6329B}.Debug|Any CPU.ActiveCfg = Debug|Any CPU
		{A816CDC9-9DF5-4573-A9D3-099BE9B6329B}.Debug|Any CPU.Build.0 = Debug|Any CPU
		{A816CDC9-9DF5-4573-A9D3-099BE9B6329B}.Release|Any CPU.ActiveCfg = Release|Any CPU
		{A816CDC9-9DF5-4573-A9D3-099BE9B6329B}.Release|Any CPU.Build.0 = Release|Any CPU
		{BD9CB5C2-A307-4665-8F01-56903A579E4F}.Debug|Any CPU.ActiveCfg = Debug|Any CPU
		{BD9CB5C2-A307-4665-8F01-56903A579E4F}.Debug|Any CPU.Build.0 = Debug|Any CPU
		{BD9CB5C2-A307-4665-8F01-56903A579E4F}.Release|Any CPU.ActiveCfg = Release|Any CPU
		{BD9CB5C2-A307-4665-8F01-56903A579E4F}.Release|Any CPU.Build.0 = Release|Any CPU
		{3B9AB1FE-72D1-4C7A-A35D-E93B2C323707}.Debug|Any CPU.ActiveCfg = Debug|Any CPU
		{3B9AB1FE-72D1-4C7A-A35D-E93B2C323707}.Debug|Any CPU.Build.0 = Debug|Any CPU
		{3B9AB1FE-72D1-4C7A-A35D-E93B2C323707}.Release|Any CPU.ActiveCfg = Release|Any CPU
		{3B9AB1FE-72D1-4C7A-A35D-E93B2C323707}.Release|Any CPU.Build.0 = Release|Any CPU
		{23C99DB0-2550-46F0-8C30-3585F9C2EB4F}.Debug|Any CPU.ActiveCfg = Debug|Any CPU
		{23C99DB0-2550-46F0-8C30-3585F9C2EB4F}.Debug|Any CPU.Build.0 = Debug|Any CPU
		{23C99DB0-2550-46F0-8C30-3585F9C2EB4F}.Release|Any CPU.ActiveCfg = Release|Any CPU
		{23C99DB0-2550-46F0-8C30-3585F9C2EB4F}.Release|Any CPU.Build.0 = Release|Any CPU
	EndGlobalSection
	GlobalSection(SolutionProperties) = preSolution
		HideSolutionNode = FALSE
	EndGlobalSection
	GlobalSection(ExtensibilityGlobals) = postSolution
		SolutionGuid = {62A9D3BD-3E02-48A4-B2AD-F3519CDE923C}
	EndGlobalSection
EndGlobal
